// !$*UTF8*$!
{
	archiveVersion = 1;
	classes = {
	};
	objectVersion = 55;
	objects = {

/* Begin PBXBuildFile section */
		C3B129E52789DA1D00F53783 /* AppDelegate.swift in Sources */ = {isa = PBXBuildFile; fileRef = C3B129E42789DA1D00F53783 /* AppDelegate.swift */; };
		C3B129E72789DA1D00F53783 /* SceneDelegate.swift in Sources */ = {isa = PBXBuildFile; fileRef = C3B129E62789DA1D00F53783 /* SceneDelegate.swift */; };
		C3B129EC2789DA1D00F53783 /* Main.storyboard in Resources */ = {isa = PBXBuildFile; fileRef = C3B129EA2789DA1D00F53783 /* Main.storyboard */; };
		C3B129EE2789DA2000F53783 /* Assets.xcassets in Resources */ = {isa = PBXBuildFile; fileRef = C3B129ED2789DA2000F53783 /* Assets.xcassets */; };
		C3B129F12789DA2000F53783 /* LaunchScreen.storyboard in Resources */ = {isa = PBXBuildFile; fileRef = C3B129EF2789DA2000F53783 /* LaunchScreen.storyboard */; };
		C3B129FC2789DA2100F53783 /* Chat_AppTests.swift in Sources */ = {isa = PBXBuildFile; fileRef = C3B129FB2789DA2100F53783 /* Chat_AppTests.swift */; };
		C3B12A062789DA2100F53783 /* Chat_AppUITests.swift in Sources */ = {isa = PBXBuildFile; fileRef = C3B12A052789DA2100F53783 /* Chat_AppUITests.swift */; };
		C3B12A082789DA2100F53783 /* Chat_AppUITestsLaunchTests.swift in Sources */ = {isa = PBXBuildFile; fileRef = C3B12A072789DA2100F53783 /* Chat_AppUITestsLaunchTests.swift */; };
		C3B12A152789DA8500F53783 /* GoogleService-Info.plist in Resources */ = {isa = PBXBuildFile; fileRef = C3B12A142789DA8500F53783 /* GoogleService-Info.plist */; };
		C3B12A182789DB6A00F53783 /* FirebaseAnalytics in Frameworks */ = {isa = PBXBuildFile; productRef = C3B12A172789DB6A00F53783 /* FirebaseAnalytics */; };
		C3B12A1A2789DB6A00F53783 /* FirebaseAuth in Frameworks */ = {isa = PBXBuildFile; productRef = C3B12A192789DB6A00F53783 /* FirebaseAuth */; };
		C3B12A1C2789DB6A00F53783 /* FirebaseDatabase in Frameworks */ = {isa = PBXBuildFile; productRef = C3B12A1B2789DB6A00F53783 /* FirebaseDatabase */; };
		C3B12A1E2789DB6A00F53783 /* FirebaseFirestore in Frameworks */ = {isa = PBXBuildFile; productRef = C3B12A1D2789DB6A00F53783 /* FirebaseFirestore */; };
		C3B12A202789DB6A00F53783 /* FirebaseFunctions in Frameworks */ = {isa = PBXBuildFile; productRef = C3B12A1F2789DB6A00F53783 /* FirebaseFunctions */; };
		C3B12A222789DB6A00F53783 /* FirebaseInAppMessaging-Beta in Frameworks */ = {isa = PBXBuildFile; productRef = C3B12A212789DB6A00F53783 /* FirebaseInAppMessaging-Beta */; };
		C3B12A242789DB6A00F53783 /* FirebaseMessaging in Frameworks */ = {isa = PBXBuildFile; productRef = C3B12A232789DB6A00F53783 /* FirebaseMessaging */; };
		C3B12A262789DB6A00F53783 /* FirebaseStorage in Frameworks */ = {isa = PBXBuildFile; productRef = C3B12A252789DB6A00F53783 /* FirebaseStorage */; };
		C3B12A292789DDC000F53783 /* SDWebImage in Frameworks */ = {isa = PBXBuildFile; productRef = C3B12A282789DDC000F53783 /* SDWebImage */; };
		C3B12A2B2789DDC100F53783 /* SDWebImageMapKit in Frameworks */ = {isa = PBXBuildFile; productRef = C3B12A2A2789DDC000F53783 /* SDWebImageMapKit */; };
		C3B12A2E2789DE3700F53783 /* JGProgressHUD in Frameworks */ = {isa = PBXBuildFile; productRef = C3B12A2D2789DE3700F53783 /* JGProgressHUD */; };
		C3B12A312789DE7600F53783 /* MessageKit in Frameworks */ = {isa = PBXBuildFile; productRef = C3B12A302789DE7600F53783 /* MessageKit */; };
		C3B12A342789DEE500F53783 /* Realm in Frameworks */ = {isa = PBXBuildFile; productRef = C3B12A332789DEE500F53783 /* Realm */; };
		C3B12A362789DEE500F53783 /* RealmSwift in Frameworks */ = {isa = PBXBuildFile; productRef = C3B12A352789DEE500F53783 /* RealmSwift */; };
		C3B12A3C2789E17D00F53783 /* ConversationViewController.swift in Sources */ = {isa = PBXBuildFile; fileRef = C3B12A3B2789E17D00F53783 /* ConversationViewController.swift */; };
		C3B12A3F2789E1A400F53783 /* LoginViewController.swift in Sources */ = {isa = PBXBuildFile; fileRef = C3B12A3E2789E1A400F53783 /* LoginViewController.swift */; };
		C3B12A412789E1CA00F53783 /* RegisterViewController.swift in Sources */ = {isa = PBXBuildFile; fileRef = C3B12A402789E1CA00F53783 /* RegisterViewController.swift */; };
		C3B12A432789E1EF00F53783 /* NewConversationViewController.swift in Sources */ = {isa = PBXBuildFile; fileRef = C3B12A422789E1EF00F53783 /* NewConversationViewController.swift */; };
		C3B12A452789E23100F53783 /* ProfileViewController.swift in Sources */ = {isa = PBXBuildFile; fileRef = C3B12A442789E23100F53783 /* ProfileViewController.swift */; };
		C3B12A472789E39D00F53783 /* Extensions.swift in Sources */ = {isa = PBXBuildFile; fileRef = C3B12A462789E39D00F53783 /* Extensions.swift */; };
		C3B12A492789E3AB00F53783 /* DatabaseManager.swift in Sources */ = {isa = PBXBuildFile; fileRef = C3B12A482789E3AB00F53783 /* DatabaseManager.swift */; };
		C3B12A4B2789E3BB00F53783 /* StorageManager.swift in Sources */ = {isa = PBXBuildFile; fileRef = C3B12A4A2789E3BB00F53783 /* StorageManager.swift */; };
		C3B12A4D2789E5B300F53783 /* ChatViewController.swift in Sources */ = {isa = PBXBuildFile; fileRef = C3B12A4C2789E5B300F53783 /* ChatViewController.swift */; };
/* End PBXBuildFile section */

/* Begin PBXContainerItemProxy section */
		C3B129F82789DA2100F53783 /* PBXContainerItemProxy */ = {
			isa = PBXContainerItemProxy;
			containerPortal = C3B129D92789DA1D00F53783 /* Project object */;
			proxyType = 1;
			remoteGlobalIDString = C3B129E02789DA1D00F53783;
			remoteInfo = Chat_App;
		};
		C3B12A022789DA2100F53783 /* PBXContainerItemProxy */ = {
			isa = PBXContainerItemProxy;
			containerPortal = C3B129D92789DA1D00F53783 /* Project object */;
			proxyType = 1;
			remoteGlobalIDString = C3B129E02789DA1D00F53783;
			remoteInfo = Chat_App;
		};
/* End PBXContainerItemProxy section */

/* Begin PBXFileReference section */
		C3B129E12789DA1D00F53783 /* Chat_App.app */ = {isa = PBXFileReference; explicitFileType = wrapper.application; includeInIndex = 0; path = Chat_App.app; sourceTree = BUILT_PRODUCTS_DIR; };
		C3B129E42789DA1D00F53783 /* AppDelegate.swift */ = {isa = PBXFileReference; lastKnownFileType = sourcecode.swift; path = AppDelegate.swift; sourceTree = "<group>"; };
		C3B129E62789DA1D00F53783 /* SceneDelegate.swift */ = {isa = PBXFileReference; lastKnownFileType = sourcecode.swift; path = SceneDelegate.swift; sourceTree = "<group>"; };
		C3B129EB2789DA1D00F53783 /* Base */ = {isa = PBXFileReference; lastKnownFileType = file.storyboard; name = Base; path = Base.lproj/Main.storyboard; sourceTree = "<group>"; };
		C3B129ED2789DA2000F53783 /* Assets.xcassets */ = {isa = PBXFileReference; lastKnownFileType = folder.assetcatalog; path = Assets.xcassets; sourceTree = "<group>"; };
		C3B129F02789DA2000F53783 /* Base */ = {isa = PBXFileReference; lastKnownFileType = file.storyboard; name = Base; path = Base.lproj/LaunchScreen.storyboard; sourceTree = "<group>"; };
		C3B129F22789DA2000F53783 /* Info.plist */ = {isa = PBXFileReference; lastKnownFileType = text.plist.xml; path = Info.plist; sourceTree = "<group>"; };
		C3B129F72789DA2100F53783 /* Chat_AppTests.xctest */ = {isa = PBXFileReference; explicitFileType = wrapper.cfbundle; includeInIndex = 0; path = Chat_AppTests.xctest; sourceTree = BUILT_PRODUCTS_DIR; };
		C3B129FB2789DA2100F53783 /* Chat_AppTests.swift */ = {isa = PBXFileReference; lastKnownFileType = sourcecode.swift; path = Chat_AppTests.swift; sourceTree = "<group>"; };
		C3B12A012789DA2100F53783 /* Chat_AppUITests.xctest */ = {isa = PBXFileReference; explicitFileType = wrapper.cfbundle; includeInIndex = 0; path = Chat_AppUITests.xctest; sourceTree = BUILT_PRODUCTS_DIR; };
		C3B12A052789DA2100F53783 /* Chat_AppUITests.swift */ = {isa = PBXFileReference; lastKnownFileType = sourcecode.swift; path = Chat_AppUITests.swift; sourceTree = "<group>"; };
		C3B12A072789DA2100F53783 /* Chat_AppUITestsLaunchTests.swift */ = {isa = PBXFileReference; lastKnownFileType = sourcecode.swift; path = Chat_AppUITestsLaunchTests.swift; sourceTree = "<group>"; };
		C3B12A142789DA8500F53783 /* GoogleService-Info.plist */ = {isa = PBXFileReference; fileEncoding = 4; lastKnownFileType = text.plist.xml; path = "GoogleService-Info.plist"; sourceTree = "<group>"; };
		C3B12A3B2789E17D00F53783 /* ConversationViewController.swift */ = {isa = PBXFileReference; lastKnownFileType = sourcecode.swift; path = ConversationViewController.swift; sourceTree = "<group>"; };
		C3B12A3E2789E1A400F53783 /* LoginViewController.swift */ = {isa = PBXFileReference; lastKnownFileType = sourcecode.swift; path = LoginViewController.swift; sourceTree = "<group>"; };
		C3B12A402789E1CA00F53783 /* RegisterViewController.swift */ = {isa = PBXFileReference; lastKnownFileType = sourcecode.swift; path = RegisterViewController.swift; sourceTree = "<group>"; };
		C3B12A422789E1EF00F53783 /* NewConversationViewController.swift */ = {isa = PBXFileReference; lastKnownFileType = sourcecode.swift; path = NewConversationViewController.swift; sourceTree = "<group>"; };
		C3B12A442789E23100F53783 /* ProfileViewController.swift */ = {isa = PBXFileReference; lastKnownFileType = sourcecode.swift; path = ProfileViewController.swift; sourceTree = "<group>"; };
		C3B12A462789E39D00F53783 /* Extensions.swift */ = {isa = PBXFileReference; lastKnownFileType = sourcecode.swift; path = Extensions.swift; sourceTree = "<group>"; };
		C3B12A482789E3AB00F53783 /* DatabaseManager.swift */ = {isa = PBXFileReference; lastKnownFileType = sourcecode.swift; path = DatabaseManager.swift; sourceTree = "<group>"; };
		C3B12A4A2789E3BB00F53783 /* StorageManager.swift */ = {isa = PBXFileReference; lastKnownFileType = sourcecode.swift; path = StorageManager.swift; sourceTree = "<group>"; };
		C3B12A4C2789E5B300F53783 /* ChatViewController.swift */ = {isa = PBXFileReference; lastKnownFileType = sourcecode.swift; path = ChatViewController.swift; sourceTree = "<group>"; };
/* End PBXFileReference section */

/* Begin PBXFrameworksBuildPhase section */
		C3B129DE2789DA1D00F53783 /* Frameworks */ = {
			isa = PBXFrameworksBuildPhase;
			buildActionMask = 2147483647;
			files = (
				C3B12A1C2789DB6A00F53783 /* FirebaseDatabase in Frameworks */,
				C3B12A1E2789DB6A00F53783 /* FirebaseFirestore in Frameworks */,
				C3B12A362789DEE500F53783 /* RealmSwift in Frameworks */,
				C3B12A2E2789DE3700F53783 /* JGProgressHUD in Frameworks */,
				C3B12A312789DE7600F53783 /* MessageKit in Frameworks */,
				C3B12A242789DB6A00F53783 /* FirebaseMessaging in Frameworks */,
				C3B12A202789DB6A00F53783 /* FirebaseFunctions in Frameworks */,
				C3B12A182789DB6A00F53783 /* FirebaseAnalytics in Frameworks */,
				C3B12A262789DB6A00F53783 /* FirebaseStorage in Frameworks */,
				C3B12A2B2789DDC100F53783 /* SDWebImageMapKit in Frameworks */,
				C3B12A292789DDC000F53783 /* SDWebImage in Frameworks */,
				C3B12A1A2789DB6A00F53783 /* FirebaseAuth in Frameworks */,
				C3B12A342789DEE500F53783 /* Realm in Frameworks */,
				C3B12A222789DB6A00F53783 /* FirebaseInAppMessaging-Beta in Frameworks */,
			);
			runOnlyForDeploymentPostprocessing = 0;
		};
		C3B129F42789DA2100F53783 /* Frameworks */ = {
			isa = PBXFrameworksBuildPhase;
			buildActionMask = 2147483647;
			files = (
			);
			runOnlyForDeploymentPostprocessing = 0;
		};
		C3B129FE2789DA2100F53783 /* Frameworks */ = {
			isa = PBXFrameworksBuildPhase;
			buildActionMask = 2147483647;
			files = (
			);
			runOnlyForDeploymentPostprocessing = 0;
		};
/* End PBXFrameworksBuildPhase section */

/* Begin PBXGroup section */
		C3B129D82789DA1D00F53783 = {
			isa = PBXGroup;
			children = (
				C3B129E32789DA1D00F53783 /* Chat_App */,
				C3B129FA2789DA2100F53783 /* Chat_AppTests */,
				C3B12A042789DA2100F53783 /* Chat_AppUITests */,
				C3B129E22789DA1D00F53783 /* Products */,
			);
			sourceTree = "<group>";
		};
		C3B129E22789DA1D00F53783 /* Products */ = {
			isa = PBXGroup;
			children = (
				C3B129E12789DA1D00F53783 /* Chat_App.app */,
				C3B129F72789DA2100F53783 /* Chat_AppTests.xctest */,
				C3B12A012789DA2100F53783 /* Chat_AppUITests.xctest */,
			);
			name = Products;
			sourceTree = "<group>";
		};
		C3B129E32789DA1D00F53783 /* Chat_App */ = {
			isa = PBXGroup;
			children = (
				C3B12A4E2789EFFD00F53783 /* Models */,
				C3B12A392789DF5A00F53783 /* Controllers */,
				C3B12A382789DF3A00F53783 /* Resources */,
				C3B12A372789DF3000F53783 /* Views */,
				C3B12A142789DA8500F53783 /* GoogleService-Info.plist */,
				C3B129F22789DA2000F53783 /* Info.plist */,
			);
			path = Chat_App;
			sourceTree = "<group>";
		};
		C3B129FA2789DA2100F53783 /* Chat_AppTests */ = {
			isa = PBXGroup;
			children = (
				C3B129FB2789DA2100F53783 /* Chat_AppTests.swift */,
			);
			path = Chat_AppTests;
			sourceTree = "<group>";
		};
		C3B12A042789DA2100F53783 /* Chat_AppUITests */ = {
			isa = PBXGroup;
			children = (
				C3B12A052789DA2100F53783 /* Chat_AppUITests.swift */,
				C3B12A072789DA2100F53783 /* Chat_AppUITestsLaunchTests.swift */,
			);
			path = Chat_AppUITests;
			sourceTree = "<group>";
		};
		C3B12A372789DF3000F53783 /* Views */ = {
			isa = PBXGroup;
			children = (
				C3B129EA2789DA1D00F53783 /* Main.storyboard */,
				C3B129ED2789DA2000F53783 /* Assets.xcassets */,
				C3B129EF2789DA2000F53783 /* LaunchScreen.storyboard */,
			);
			path = Views;
			sourceTree = "<group>";
		};
		C3B12A382789DF3A00F53783 /* Resources */ = {
			isa = PBXGroup;
			children = (
				C3B129E42789DA1D00F53783 /* AppDelegate.swift */,
				C3B129E62789DA1D00F53783 /* SceneDelegate.swift */,
				C3B12A462789E39D00F53783 /* Extensions.swift */,
			);
			path = Resources;
			sourceTree = "<group>";
		};
		C3B12A392789DF5A00F53783 /* Controllers */ = {
			isa = PBXGroup;
			children = (
				C3B12A3B2789E17D00F53783 /* ConversationViewController.swift */,
				C3B12A3D2789E18500F53783 /* LogReg */,
				C3B12A422789E1EF00F53783 /* NewConversationViewController.swift */,
				C3B12A442789E23100F53783 /* ProfileViewController.swift */,
				C3B12A4C2789E5B300F53783 /* ChatViewController.swift */,
			);
			path = Controllers;
			sourceTree = "<group>";
		};
		C3B12A3D2789E18500F53783 /* LogReg */ = {
			isa = PBXGroup;
			children = (
				C3B12A3E2789E1A400F53783 /* LoginViewController.swift */,
				C3B12A402789E1CA00F53783 /* RegisterViewController.swift */,
			);
			path = LogReg;
			sourceTree = "<group>";
		};
		C3B12A4E2789EFFD00F53783 /* Models */ = {
			isa = PBXGroup;
			children = (
				C3B12A482789E3AB00F53783 /* DatabaseManager.swift */,
				C3B12A4A2789E3BB00F53783 /* StorageManager.swift */,
			);
			path = Models;
			sourceTree = "<group>";
		};
/* End PBXGroup section */

/* Begin PBXNativeTarget section */
		C3B129E02789DA1D00F53783 /* Chat_App */ = {
			isa = PBXNativeTarget;
			buildConfigurationList = C3B12A0B2789DA2100F53783 /* Build configuration list for PBXNativeTarget "Chat_App" */;
			buildPhases = (
				C3B129DD2789DA1D00F53783 /* Sources */,
				C3B129DE2789DA1D00F53783 /* Frameworks */,
				C3B129DF2789DA1D00F53783 /* Resources */,
			);
			buildRules = (
			);
			dependencies = (
			);
			name = Chat_App;
			packageProductDependencies = (
				C3B12A172789DB6A00F53783 /* FirebaseAnalytics */,
				C3B12A192789DB6A00F53783 /* FirebaseAuth */,
				C3B12A1B2789DB6A00F53783 /* FirebaseDatabase */,
				C3B12A1D2789DB6A00F53783 /* FirebaseFirestore */,
				C3B12A1F2789DB6A00F53783 /* FirebaseFunctions */,
				C3B12A212789DB6A00F53783 /* FirebaseInAppMessaging-Beta */,
				C3B12A232789DB6A00F53783 /* FirebaseMessaging */,
				C3B12A252789DB6A00F53783 /* FirebaseStorage */,
				C3B12A282789DDC000F53783 /* SDWebImage */,
				C3B12A2A2789DDC000F53783 /* SDWebImageMapKit */,
				C3B12A2D2789DE3700F53783 /* JGProgressHUD */,
				C3B12A302789DE7600F53783 /* MessageKit */,
				C3B12A332789DEE500F53783 /* Realm */,
				C3B12A352789DEE500F53783 /* RealmSwift */,
			);
			productName = Chat_App;
			productReference = C3B129E12789DA1D00F53783 /* Chat_App.app */;
			productType = "com.apple.product-type.application";
		};
		C3B129F62789DA2100F53783 /* Chat_AppTests */ = {
			isa = PBXNativeTarget;
			buildConfigurationList = C3B12A0E2789DA2100F53783 /* Build configuration list for PBXNativeTarget "Chat_AppTests" */;
			buildPhases = (
				C3B129F32789DA2100F53783 /* Sources */,
				C3B129F42789DA2100F53783 /* Frameworks */,
				C3B129F52789DA2100F53783 /* Resources */,
			);
			buildRules = (
			);
			dependencies = (
				C3B129F92789DA2100F53783 /* PBXTargetDependency */,
			);
			name = Chat_AppTests;
			productName = Chat_AppTests;
			productReference = C3B129F72789DA2100F53783 /* Chat_AppTests.xctest */;
			productType = "com.apple.product-type.bundle.unit-test";
		};
		C3B12A002789DA2100F53783 /* Chat_AppUITests */ = {
			isa = PBXNativeTarget;
			buildConfigurationList = C3B12A112789DA2100F53783 /* Build configuration list for PBXNativeTarget "Chat_AppUITests" */;
			buildPhases = (
				C3B129FD2789DA2100F53783 /* Sources */,
				C3B129FE2789DA2100F53783 /* Frameworks */,
				C3B129FF2789DA2100F53783 /* Resources */,
			);
			buildRules = (
			);
			dependencies = (
				C3B12A032789DA2100F53783 /* PBXTargetDependency */,
			);
			name = Chat_AppUITests;
			productName = Chat_AppUITests;
			productReference = C3B12A012789DA2100F53783 /* Chat_AppUITests.xctest */;
			productType = "com.apple.product-type.bundle.ui-testing";
		};
/* End PBXNativeTarget section */

/* Begin PBXProject section */
		C3B129D92789DA1D00F53783 /* Project object */ = {
			isa = PBXProject;
			attributes = {
				BuildIndependentTargetsInParallel = 1;
				LastSwiftUpdateCheck = 1320;
				LastUpgradeCheck = 1320;
				TargetAttributes = {
					C3B129E02789DA1D00F53783 = {
						CreatedOnToolsVersion = 13.2.1;
					};
					C3B129F62789DA2100F53783 = {
						CreatedOnToolsVersion = 13.2.1;
						TestTargetID = C3B129E02789DA1D00F53783;
					};
					C3B12A002789DA2100F53783 = {
						CreatedOnToolsVersion = 13.2.1;
						TestTargetID = C3B129E02789DA1D00F53783;
					};
				};
			};
			buildConfigurationList = C3B129DC2789DA1D00F53783 /* Build configuration list for PBXProject "Chat_App" */;
			compatibilityVersion = "Xcode 13.0";
			developmentRegion = en;
			hasScannedForEncodings = 0;
			knownRegions = (
				en,
				Base,
			);
			mainGroup = C3B129D82789DA1D00F53783;
			packageReferences = (
				C3B12A162789DB6A00F53783 /* XCRemoteSwiftPackageReference "firebase-ios-sdk" */,
				C3B12A272789DDC000F53783 /* XCRemoteSwiftPackageReference "SDWebImage" */,
				C3B12A2C2789DE3600F53783 /* XCRemoteSwiftPackageReference "JGProgressHUD" */,
				C3B12A2F2789DE7600F53783 /* XCRemoteSwiftPackageReference "MessageKit" */,
				C3B12A322789DEE400F53783 /* XCRemoteSwiftPackageReference "realm-cocoa" */,
			);
			productRefGroup = C3B129E22789DA1D00F53783 /* Products */;
			projectDirPath = "";
			projectRoot = "";
			targets = (
				C3B129E02789DA1D00F53783 /* Chat_App */,
				C3B129F62789DA2100F53783 /* Chat_AppTests */,
				C3B12A002789DA2100F53783 /* Chat_AppUITests */,
			);
		};
/* End PBXProject section */

/* Begin PBXResourcesBuildPhase section */
		C3B129DF2789DA1D00F53783 /* Resources */ = {
			isa = PBXResourcesBuildPhase;
			buildActionMask = 2147483647;
			files = (
				C3B129F12789DA2000F53783 /* LaunchScreen.storyboard in Resources */,
				C3B12A152789DA8500F53783 /* GoogleService-Info.plist in Resources */,
				C3B129EE2789DA2000F53783 /* Assets.xcassets in Resources */,
				C3B129EC2789DA1D00F53783 /* Main.storyboard in Resources */,
			);
			runOnlyForDeploymentPostprocessing = 0;
		};
		C3B129F52789DA2100F53783 /* Resources */ = {
			isa = PBXResourcesBuildPhase;
			buildActionMask = 2147483647;
			files = (
			);
			runOnlyForDeploymentPostprocessing = 0;
		};
		C3B129FF2789DA2100F53783 /* Resources */ = {
			isa = PBXResourcesBuildPhase;
			buildActionMask = 2147483647;
			files = (
			);
			runOnlyForDeploymentPostprocessing = 0;
		};
/* End PBXResourcesBuildPhase section */

/* Begin PBXSourcesBuildPhase section */
		C3B129DD2789DA1D00F53783 /* Sources */ = {
			isa = PBXSourcesBuildPhase;
			buildActionMask = 2147483647;
			files = (
				C3B12A432789E1EF00F53783 /* NewConversationViewController.swift in Sources */,
				C3B129E52789DA1D00F53783 /* AppDelegate.swift in Sources */,
				C3B12A4D2789E5B300F53783 /* ChatViewController.swift in Sources */,
				C3B12A3C2789E17D00F53783 /* ConversationViewController.swift in Sources */,
				C3B12A472789E39D00F53783 /* Extensions.swift in Sources */,
				C3B12A412789E1CA00F53783 /* RegisterViewController.swift in Sources */,
				C3B12A3F2789E1A400F53783 /* LoginViewController.swift in Sources */,
				C3B12A452789E23100F53783 /* ProfileViewController.swift in Sources */,
				C3B12A4B2789E3BB00F53783 /* StorageManager.swift in Sources */,
				C3B129E72789DA1D00F53783 /* SceneDelegate.swift in Sources */,
				C3B12A492789E3AB00F53783 /* DatabaseManager.swift in Sources */,
			);
			runOnlyForDeploymentPostprocessing = 0;
		};
		C3B129F32789DA2100F53783 /* Sources */ = {
			isa = PBXSourcesBuildPhase;
			buildActionMask = 2147483647;
			files = (
				C3B129FC2789DA2100F53783 /* Chat_AppTests.swift in Sources */,
			);
			runOnlyForDeploymentPostprocessing = 0;
		};
		C3B129FD2789DA2100F53783 /* Sources */ = {
			isa = PBXSourcesBuildPhase;
			buildActionMask = 2147483647;
			files = (
				C3B12A082789DA2100F53783 /* Chat_AppUITestsLaunchTests.swift in Sources */,
				C3B12A062789DA2100F53783 /* Chat_AppUITests.swift in Sources */,
			);
			runOnlyForDeploymentPostprocessing = 0;
		};
/* End PBXSourcesBuildPhase section */

/* Begin PBXTargetDependency section */
		C3B129F92789DA2100F53783 /* PBXTargetDependency */ = {
			isa = PBXTargetDependency;
			target = C3B129E02789DA1D00F53783 /* Chat_App */;
			targetProxy = C3B129F82789DA2100F53783 /* PBXContainerItemProxy */;
		};
		C3B12A032789DA2100F53783 /* PBXTargetDependency */ = {
			isa = PBXTargetDependency;
			target = C3B129E02789DA1D00F53783 /* Chat_App */;
			targetProxy = C3B12A022789DA2100F53783 /* PBXContainerItemProxy */;
		};
/* End PBXTargetDependency section */

/* Begin PBXVariantGroup section */
		C3B129EA2789DA1D00F53783 /* Main.storyboard */ = {
			isa = PBXVariantGroup;
			children = (
				C3B129EB2789DA1D00F53783 /* Base */,
			);
			name = Main.storyboard;
			sourceTree = "<group>";
		};
		C3B129EF2789DA2000F53783 /* LaunchScreen.storyboard */ = {
			isa = PBXVariantGroup;
			children = (
				C3B129F02789DA2000F53783 /* Base */,
			);
			name = LaunchScreen.storyboard;
			sourceTree = "<group>";
		};
/* End PBXVariantGroup section */

/* Begin XCBuildConfiguration section */
		C3B12A092789DA2100F53783 /* Debug */ = {
			isa = XCBuildConfiguration;
			buildSettings = {
				ALWAYS_SEARCH_USER_PATHS = NO;
				CLANG_ANALYZER_NONNULL = YES;
				CLANG_ANALYZER_NUMBER_OBJECT_CONVERSION = YES_AGGRESSIVE;
				CLANG_CXX_LANGUAGE_STANDARD = "gnu++17";
				CLANG_CXX_LIBRARY = "libc++";
				CLANG_ENABLE_MODULES = YES;
				CLANG_ENABLE_OBJC_ARC = YES;
				CLANG_ENABLE_OBJC_WEAK = YES;
				CLANG_WARN_BLOCK_CAPTURE_AUTORELEASING = YES;
				CLANG_WARN_BOOL_CONVERSION = YES;
				CLANG_WARN_COMMA = YES;
				CLANG_WARN_CONSTANT_CONVERSION = YES;
				CLANG_WARN_DEPRECATED_OBJC_IMPLEMENTATIONS = YES;
				CLANG_WARN_DIRECT_OBJC_ISA_USAGE = YES_ERROR;
				CLANG_WARN_DOCUMENTATION_COMMENTS = YES;
				CLANG_WARN_EMPTY_BODY = YES;
				CLANG_WARN_ENUM_CONVERSION = YES;
				CLANG_WARN_INFINITE_RECURSION = YES;
				CLANG_WARN_INT_CONVERSION = YES;
				CLANG_WARN_NON_LITERAL_NULL_CONVERSION = YES;
				CLANG_WARN_OBJC_IMPLICIT_RETAIN_SELF = YES;
				CLANG_WARN_OBJC_LITERAL_CONVERSION = YES;
				CLANG_WARN_OBJC_ROOT_CLASS = YES_ERROR;
				CLANG_WARN_QUOTED_INCLUDE_IN_FRAMEWORK_HEADER = YES;
				CLANG_WARN_RANGE_LOOP_ANALYSIS = YES;
				CLANG_WARN_STRICT_PROTOTYPES = YES;
				CLANG_WARN_SUSPICIOUS_MOVE = YES;
				CLANG_WARN_UNGUARDED_AVAILABILITY = YES_AGGRESSIVE;
				CLANG_WARN_UNREACHABLE_CODE = YES;
				CLANG_WARN__DUPLICATE_METHOD_MATCH = YES;
				COPY_PHASE_STRIP = NO;
				DEBUG_INFORMATION_FORMAT = dwarf;
				ENABLE_STRICT_OBJC_MSGSEND = YES;
				ENABLE_TESTABILITY = YES;
				GCC_C_LANGUAGE_STANDARD = gnu11;
				GCC_DYNAMIC_NO_PIC = NO;
				GCC_NO_COMMON_BLOCKS = YES;
				GCC_OPTIMIZATION_LEVEL = 0;
				GCC_PREPROCESSOR_DEFINITIONS = (
					"DEBUG=1",
					"$(inherited)",
				);
				GCC_WARN_64_TO_32_BIT_CONVERSION = YES;
				GCC_WARN_ABOUT_RETURN_TYPE = YES_ERROR;
				GCC_WARN_UNDECLARED_SELECTOR = YES;
				GCC_WARN_UNINITIALIZED_AUTOS = YES_AGGRESSIVE;
				GCC_WARN_UNUSED_FUNCTION = YES;
				GCC_WARN_UNUSED_VARIABLE = YES;
				IPHONEOS_DEPLOYMENT_TARGET = 15.2;
				MTL_ENABLE_DEBUG_INFO = INCLUDE_SOURCE;
				MTL_FAST_MATH = YES;
				ONLY_ACTIVE_ARCH = YES;
				SDKROOT = iphoneos;
				SWIFT_ACTIVE_COMPILATION_CONDITIONS = DEBUG;
				SWIFT_OPTIMIZATION_LEVEL = "-Onone";
			};
			name = Debug;
		};
		C3B12A0A2789DA2100F53783 /* Release */ = {
			isa = XCBuildConfiguration;
			buildSettings = {
				ALWAYS_SEARCH_USER_PATHS = NO;
				CLANG_ANALYZER_NONNULL = YES;
				CLANG_ANALYZER_NUMBER_OBJECT_CONVERSION = YES_AGGRESSIVE;
				CLANG_CXX_LANGUAGE_STANDARD = "gnu++17";
				CLANG_CXX_LIBRARY = "libc++";
				CLANG_ENABLE_MODULES = YES;
				CLANG_ENABLE_OBJC_ARC = YES;
				CLANG_ENABLE_OBJC_WEAK = YES;
				CLANG_WARN_BLOCK_CAPTURE_AUTORELEASING = YES;
				CLANG_WARN_BOOL_CONVERSION = YES;
				CLANG_WARN_COMMA = YES;
				CLANG_WARN_CONSTANT_CONVERSION = YES;
				CLANG_WARN_DEPRECATED_OBJC_IMPLEMENTATIONS = YES;
				CLANG_WARN_DIRECT_OBJC_ISA_USAGE = YES_ERROR;
				CLANG_WARN_DOCUMENTATION_COMMENTS = YES;
				CLANG_WARN_EMPTY_BODY = YES;
				CLANG_WARN_ENUM_CONVERSION = YES;
				CLANG_WARN_INFINITE_RECURSION = YES;
				CLANG_WARN_INT_CONVERSION = YES;
				CLANG_WARN_NON_LITERAL_NULL_CONVERSION = YES;
				CLANG_WARN_OBJC_IMPLICIT_RETAIN_SELF = YES;
				CLANG_WARN_OBJC_LITERAL_CONVERSION = YES;
				CLANG_WARN_OBJC_ROOT_CLASS = YES_ERROR;
				CLANG_WARN_QUOTED_INCLUDE_IN_FRAMEWORK_HEADER = YES;
				CLANG_WARN_RANGE_LOOP_ANALYSIS = YES;
				CLANG_WARN_STRICT_PROTOTYPES = YES;
				CLANG_WARN_SUSPICIOUS_MOVE = YES;
				CLANG_WARN_UNGUARDED_AVAILABILITY = YES_AGGRESSIVE;
				CLANG_WARN_UNREACHABLE_CODE = YES;
				CLANG_WARN__DUPLICATE_METHOD_MATCH = YES;
				COPY_PHASE_STRIP = NO;
				DEBUG_INFORMATION_FORMAT = "dwarf-with-dsym";
				ENABLE_NS_ASSERTIONS = NO;
				ENABLE_STRICT_OBJC_MSGSEND = YES;
				GCC_C_LANGUAGE_STANDARD = gnu11;
				GCC_NO_COMMON_BLOCKS = YES;
				GCC_WARN_64_TO_32_BIT_CONVERSION = YES;
				GCC_WARN_ABOUT_RETURN_TYPE = YES_ERROR;
				GCC_WARN_UNDECLARED_SELECTOR = YES;
				GCC_WARN_UNINITIALIZED_AUTOS = YES_AGGRESSIVE;
				GCC_WARN_UNUSED_FUNCTION = YES;
				GCC_WARN_UNUSED_VARIABLE = YES;
				IPHONEOS_DEPLOYMENT_TARGET = 15.2;
				MTL_ENABLE_DEBUG_INFO = NO;
				MTL_FAST_MATH = YES;
				SDKROOT = iphoneos;
				SWIFT_COMPILATION_MODE = wholemodule;
				SWIFT_OPTIMIZATION_LEVEL = "-O";
				VALIDATE_PRODUCT = YES;
			};
			name = Release;
		};
		C3B12A0C2789DA2100F53783 /* Debug */ = {
			isa = XCBuildConfiguration;
			buildSettings = {
				ASSETCATALOG_COMPILER_APPICON_NAME = AppIcon;
				ASSETCATALOG_COMPILER_GLOBAL_ACCENT_COLOR_NAME = AccentColor;
				CODE_SIGN_STYLE = Automatic;
				CURRENT_PROJECT_VERSION = 1;
				GENERATE_INFOPLIST_FILE = YES;
				INFOPLIST_FILE = Chat_App/Info.plist;
				INFOPLIST_KEY_UIApplicationSupportsIndirectInputEvents = YES;
				INFOPLIST_KEY_UILaunchStoryboardName = LaunchScreen;
				INFOPLIST_KEY_UIMainStoryboardFile = Main;
				INFOPLIST_KEY_UISupportedInterfaceOrientations_iPad = "UIInterfaceOrientationPortrait UIInterfaceOrientationPortraitUpsideDown UIInterfaceOrientationLandscapeLeft UIInterfaceOrientationLandscapeRight";
				INFOPLIST_KEY_UISupportedInterfaceOrientations_iPhone = "UIInterfaceOrientationPortrait UIInterfaceOrientationLandscapeLeft UIInterfaceOrientationLandscapeRight";
				LD_RUNPATH_SEARCH_PATHS = (
					"$(inherited)",
					"@executable_path/Frameworks",
				);
				MARKETING_VERSION = 1.0;
				PRODUCT_BUNDLE_IDENTIFIER = "com.abdulmajeed.Chat-App";
				PRODUCT_NAME = "$(TARGET_NAME)";
				SWIFT_EMIT_LOC_STRINGS = YES;
				SWIFT_VERSION = 5.0;
				TARGETED_DEVICE_FAMILY = "1,2";
			};
			name = Debug;
		};
		C3B12A0D2789DA2100F53783 /* Release */ = {
			isa = XCBuildConfiguration;
			buildSettings = {
				ASSETCATALOG_COMPILER_APPICON_NAME = AppIcon;
				ASSETCATALOG_COMPILER_GLOBAL_ACCENT_COLOR_NAME = AccentColor;
				CODE_SIGN_STYLE = Automatic;
				CURRENT_PROJECT_VERSION = 1;
				GENERATE_INFOPLIST_FILE = YES;
				INFOPLIST_FILE = Chat_App/Info.plist;
				INFOPLIST_KEY_UIApplicationSupportsIndirectInputEvents = YES;
				INFOPLIST_KEY_UILaunchStoryboardName = LaunchScreen;
				INFOPLIST_KEY_UIMainStoryboardFile = Main;
				INFOPLIST_KEY_UISupportedInterfaceOrientations_iPad = "UIInterfaceOrientationPortrait UIInterfaceOrientationPortraitUpsideDown UIInterfaceOrientationLandscapeLeft UIInterfaceOrientationLandscapeRight";
				INFOPLIST_KEY_UISupportedInterfaceOrientations_iPhone = "UIInterfaceOrientationPortrait UIInterfaceOrientationLandscapeLeft UIInterfaceOrientationLandscapeRight";
				LD_RUNPATH_SEARCH_PATHS = (
					"$(inherited)",
					"@executable_path/Frameworks",
				);
				MARKETING_VERSION = 1.0;
				PRODUCT_BUNDLE_IDENTIFIER = "com.abdulmajeed.Chat-App";
				PRODUCT_NAME = "$(TARGET_NAME)";
				SWIFT_EMIT_LOC_STRINGS = YES;
				SWIFT_VERSION = 5.0;
				TARGETED_DEVICE_FAMILY = "1,2";
			};
			name = Release;
		};
		C3B12A0F2789DA2100F53783 /* Debug */ = {
			isa = XCBuildConfiguration;
			buildSettings = {
				ALWAYS_EMBED_SWIFT_STANDARD_LIBRARIES = YES;
				BUNDLE_LOADER = "$(TEST_HOST)";
				CODE_SIGN_STYLE = Automatic;
				CURRENT_PROJECT_VERSION = 1;
				GENERATE_INFOPLIST_FILE = YES;
				IPHONEOS_DEPLOYMENT_TARGET = 15.2;
				MARKETING_VERSION = 1.0;
				PRODUCT_BUNDLE_IDENTIFIER = "com.abdulmajeed.Chat-AppTests";
				PRODUCT_NAME = "$(TARGET_NAME)";
				SWIFT_EMIT_LOC_STRINGS = NO;
				SWIFT_VERSION = 5.0;
				TARGETED_DEVICE_FAMILY = "1,2";
				TEST_HOST = "$(BUILT_PRODUCTS_DIR)/Chat_App.app/Chat_App";
			};
			name = Debug;
		};
		C3B12A102789DA2100F53783 /* Release */ = {
			isa = XCBuildConfiguration;
			buildSettings = {
				ALWAYS_EMBED_SWIFT_STANDARD_LIBRARIES = YES;
				BUNDLE_LOADER = "$(TEST_HOST)";
				CODE_SIGN_STYLE = Automatic;
				CURRENT_PROJECT_VERSION = 1;
				GENERATE_INFOPLIST_FILE = YES;
				IPHONEOS_DEPLOYMENT_TARGET = 15.2;
				MARKETING_VERSION = 1.0;
				PRODUCT_BUNDLE_IDENTIFIER = "com.abdulmajeed.Chat-AppTests";
				PRODUCT_NAME = "$(TARGET_NAME)";
				SWIFT_EMIT_LOC_STRINGS = NO;
				SWIFT_VERSION = 5.0;
				TARGETED_DEVICE_FAMILY = "1,2";
				TEST_HOST = "$(BUILT_PRODUCTS_DIR)/Chat_App.app/Chat_App";
			};
			name = Release;
		};
		C3B12A122789DA2100F53783 /* Debug */ = {
			isa = XCBuildConfiguration;
			buildSettings = {
				ALWAYS_EMBED_SWIFT_STANDARD_LIBRARIES = YES;
				CODE_SIGN_STYLE = Automatic;
				CURRENT_PROJECT_VERSION = 1;
				GENERATE_INFOPLIST_FILE = YES;
				MARKETING_VERSION = 1.0;
				PRODUCT_BUNDLE_IDENTIFIER = "com.abdulmajeed.Chat-AppUITests";
				PRODUCT_NAME = "$(TARGET_NAME)";
				SWIFT_EMIT_LOC_STRINGS = NO;
				SWIFT_VERSION = 5.0;
				TARGETED_DEVICE_FAMILY = "1,2";
				TEST_TARGET_NAME = Chat_App;
			};
			name = Debug;
		};
		C3B12A132789DA2100F53783 /* Release */ = {
			isa = XCBuildConfiguration;
			buildSettings = {
				ALWAYS_EMBED_SWIFT_STANDARD_LIBRARIES = YES;
				CODE_SIGN_STYLE = Automatic;
				CURRENT_PROJECT_VERSION = 1;
				GENERATE_INFOPLIST_FILE = YES;
				MARKETING_VERSION = 1.0;
				PRODUCT_BUNDLE_IDENTIFIER = "com.abdulmajeed.Chat-AppUITests";
				PRODUCT_NAME = "$(TARGET_NAME)";
				SWIFT_EMIT_LOC_STRINGS = NO;
				SWIFT_VERSION = 5.0;
				TARGETED_DEVICE_FAMILY = "1,2";
				TEST_TARGET_NAME = Chat_App;
			};
			name = Release;
		};
/* End XCBuildConfiguration section */

/* Begin XCConfigurationList section */
		C3B129DC2789DA1D00F53783 /* Build configuration list for PBXProject "Chat_App" */ = {
			isa = XCConfigurationList;
			buildConfigurations = (
				C3B12A092789DA2100F53783 /* Debug */,
				C3B12A0A2789DA2100F53783 /* Release */,
			);
			defaultConfigurationIsVisible = 0;
			defaultConfigurationName = Release;
		};
		C3B12A0B2789DA2100F53783 /* Build configuration list for PBXNativeTarget "Chat_App" */ = {
			isa = XCConfigurationList;
			buildConfigurations = (
				C3B12A0C2789DA2100F53783 /* Debug */,
				C3B12A0D2789DA2100F53783 /* Release */,
			);
			defaultConfigurationIsVisible = 0;
			defaultConfigurationName = Release;
		};
		C3B12A0E2789DA2100F53783 /* Build configuration list for PBXNativeTarget "Chat_AppTests" */ = {
			isa = XCConfigurationList;
			buildConfigurations = (
				C3B12A0F2789DA2100F53783 /* Debug */,
				C3B12A102789DA2100F53783 /* Release */,
			);
			defaultConfigurationIsVisible = 0;
			defaultConfigurationName = Release;
		};
		C3B12A112789DA2100F53783 /* Build configuration list for PBXNativeTarget "Chat_AppUITests" */ = {
			isa = XCConfigurationList;
			buildConfigurations = (
				C3B12A122789DA2100F53783 /* Debug */,
				C3B12A132789DA2100F53783 /* Release */,
			);
			defaultConfigurationIsVisible = 0;
			defaultConfigurationName = Release;
		};
/* End XCConfigurationList section */

/* Begin XCRemoteSwiftPackageReference section */
		C3B12A162789DB6A00F53783 /* XCRemoteSwiftPackageReference "firebase-ios-sdk" */ = {
			isa = XCRemoteSwiftPackageReference;
			repositoryURL = "https://github.com/firebase/firebase-ios-sdk";
			requirement = {
				kind = upToNextMajorVersion;
				minimumVersion = 8.0.0;
			};
		};
		C3B12A272789DDC000F53783 /* XCRemoteSwiftPackageReference "SDWebImage" */ = {
			isa = XCRemoteSwiftPackageReference;
			repositoryURL = "https://github.com/SDWebImage/SDWebImage.git";
			requirement = {
				kind = upToNextMajorVersion;
				minimumVersion = 5.0.0;
			};
		};
		C3B12A2C2789DE3600F53783 /* XCRemoteSwiftPackageReference "JGProgressHUD" */ = {
			isa = XCRemoteSwiftPackageReference;
			repositoryURL = "https://github.com/JonasGessner/JGProgressHUD.git";
			requirement = {
				kind = upToNextMajorVersion;
				minimumVersion = 2.0.0;
			};
		};
		C3B12A2F2789DE7600F53783 /* XCRemoteSwiftPackageReference "MessageKit" */ = {
			isa = XCRemoteSwiftPackageReference;
			repositoryURL = "https://github.com/MessageKit/MessageKit.git";
			requirement = {
				kind = upToNextMajorVersion;
				minimumVersion = 3.0.0;
			};
		};
		C3B12A322789DEE400F53783 /* XCRemoteSwiftPackageReference "realm-cocoa" */ = {
			isa = XCRemoteSwiftPackageReference;
			repositoryURL = "https://github.com/realm/realm-cocoa";
			requirement = {
				branch = master;
				kind = branch;
			};
		};
/* End XCRemoteSwiftPackageReference section */

/* Begin XCSwiftPackageProductDependency section */
		C3B12A172789DB6A00F53783 /* FirebaseAnalytics */ = {
			isa = XCSwiftPackageProductDependency;
			package = C3B12A162789DB6A00F53783 /* XCRemoteSwiftPackageReference "firebase-ios-sdk" */;
			productName = FirebaseAnalytics;
		};
		C3B12A192789DB6A00F53783 /* FirebaseAuth */ = {
			isa = XCSwiftPackageProductDependency;
			package = C3B12A162789DB6A00F53783 /* XCRemoteSwiftPackageReference "firebase-ios-sdk" */;
			productName = FirebaseAuth;
		};
		C3B12A1B2789DB6A00F53783 /* FirebaseDatabase */ = {
			isa = XCSwiftPackageProductDependency;
			package = C3B12A162789DB6A00F53783 /* XCRemoteSwiftPackageReference "firebase-ios-sdk" */;
			productName = FirebaseDatabase;
		};
		C3B12A1D2789DB6A00F53783 /* FirebaseFirestore */ = {
			isa = XCSwiftPackageProductDependency;
			package = C3B12A162789DB6A00F53783 /* XCRemoteSwiftPackageReference "firebase-ios-sdk" */;
			productName = FirebaseFirestore;
		};
		C3B12A1F2789DB6A00F53783 /* FirebaseFunctions */ = {
			isa = XCSwiftPackageProductDependency;
			package = C3B12A162789DB6A00F53783 /* XCRemoteSwiftPackageReference "firebase-ios-sdk" */;
			productName = FirebaseFunctions;
		};
		C3B12A212789DB6A00F53783 /* FirebaseInAppMessaging-Beta */ = {
			isa = XCSwiftPackageProductDependency;
			package = C3B12A162789DB6A00F53783 /* XCRemoteSwiftPackageReference "firebase-ios-sdk" */;
			productName = "FirebaseInAppMessaging-Beta";
		};
		C3B12A232789DB6A00F53783 /* FirebaseMessaging */ = {
			isa = XCSwiftPackageProductDependency;
			package = C3B12A162789DB6A00F53783 /* XCRemoteSwiftPackageReference "firebase-ios-sdk" */;
			productName = FirebaseMessaging;
		};
		C3B12A252789DB6A00F53783 /* FirebaseStorage */ = {
			isa = XCSwiftPackageProductDependency;
			package = C3B12A162789DB6A00F53783 /* XCRemoteSwiftPackageReference "firebase-ios-sdk" */;
			productName = FirebaseStorage;
		};
		C3B12A282789DDC000F53783 /* SDWebImage */ = {
			isa = XCSwiftPackageProductDependency;
			package = C3B12A272789DDC000F53783 /* XCRemoteSwiftPackageReference "SDWebImage" */;
			productName = SDWebImage;
		};
		C3B12A2A2789DDC000F53783 /* SDWebImageMapKit */ = {
			isa = XCSwiftPackageProductDependency;
			package = C3B12A272789DDC000F53783 /* XCRemoteSwiftPackageReference "SDWebImage" */;
			productName = SDWebImageMapKit;
		};
		C3B12A2D2789DE3700F53783 /* JGProgressHUD */ = {
			isa = XCSwiftPackageProductDependency;
			package = C3B12A2C2789DE3600F53783 /* XCRemoteSwiftPackageReference "JGProgressHUD" */;
			productName = JGProgressHUD;
		};
		C3B12A302789DE7600F53783 /* MessageKit */ = {
			isa = XCSwiftPackageProductDependency;
			package = C3B12A2F2789DE7600F53783 /* XCRemoteSwiftPackageReference "MessageKit" */;
			productName = MessageKit;
		};
		C3B12A332789DEE500F53783 /* Realm */ = {
			isa = XCSwiftPackageProductDependency;
			package = C3B12A322789DEE400F53783 /* XCRemoteSwiftPackageReference "realm-cocoa" */;
			productName = Realm;
		};
		C3B12A352789DEE500F53783 /* RealmSwift */ = {
			isa = XCSwiftPackageProductDependency;
			package = C3B12A322789DEE400F53783 /* XCRemoteSwiftPackageReference "realm-cocoa" */;
			productName = RealmSwift;
		};
/* End XCSwiftPackageProductDependency section */
	};
	rootObject = C3B129D92789DA1D00F53783 /* Project object */;
}
